
Microsoft Visual Studio Solution File, Format Version 12.00
# Visual Studio Version 17
VisualStudioVersion = 17.9.34728.123
MinimumVisualStudioVersion = 10.0.40219.1
Project("{FAE04EC0-301F-11D3-BF4B-00C04F79EFBC}") = "DesignPatterns", "DesignPatterns.csproj", "{BB12ECC9-7252-45BC-86D0-A611D74C8556}"
EndProject
Global
	GlobalSection(SolutionConfigurationPlatforms) = preSolution
		Debug|Any CPU = Debug|Any CPU
		Release|Any CPU = Release|Any CPU
	EndGlobalSection
	GlobalSection(ProjectConfigurationPlatforms) = postSolution
		{BB12ECC9-7252-45BC-86D0-A611D74C8556}.Debug|Any CPU.ActiveCfg = Debug|Any CPU
		{BB12ECC9-7252-45BC-86D0-A611D74C8556}.Debug|Any CPU.Build.0 = Debug|Any CPU
		{BB12ECC9-7252-45BC-86D0-A611D74C8556}.Release|Any CPU.ActiveCfg = Release|Any CPU
		{BB12ECC9-7252-45BC-86D0-A611D74C8556}.Release|Any CPU.Build.0 = Release|Any CPU
	EndGlobalSection
	GlobalSection(SolutionProperties) = preSolution
		HideSolutionNode = FALSE
	EndGlobalSection
	GlobalSection(ExtensibilityGlobals) = postSolution
		SolutionGuid = {23BC01B4-71A6-4BBB-AD78-AC8BEBA42CD6}
	EndGlobalSection
EndGlobal
